{
  "name": "library-saschadanu-043",
  "version": "1.0.1",
  "lockfileVersion": 3,
  "requires": true,
  "packages": {
    "": {
      "name": "library-saschadanu-043",
      "version": "1.0.1",
      "license": "MIT",
      "dependencies": {
        "library-saschadanu-043": "^1.0.1"
      }
    },
    "node_modules/library-saschadanu-043": {
      "version": "1.0.1",
      "resolved": "https://registry.npmjs.org/library-saschadanu-043/-/library-saschadanu-043-1.0.1.tgz",
      "integrity": "sha512-wWKbZdDf1eAIgc1todRhlEz2Z4RvUwZpLQCtLExIVV4G7K16lETi/IwAyCpjcBl53lj9BPkDdw+P0BWNxGJFcg==",
      "license": "MIT"
    }
  }
}
